
Microsoft Visual Studio Solution File, Format Version 12.00
# Visual Studio Version 16
VisualStudioVersion = 16.0.29230.61
MinimumVisualStudioVersion = 10.0.40219.1
Project("{FAE04EC0-301F-11D3-BF4B-00C04F79EFBC}") = "CodeBehind", "CodeBehind\CodeBehind.csproj", "{D2AB5056-1DDE-42EA-9E95-87BA4DE4EB27}"
EndProject
Global
	GlobalSection(SolutionConfigurationPlatforms) = preSolution
		Debug|Any CPU = Debug|Any CPU
		Release|Any CPU = Release|Any CPU
	EndGlobalSection
	GlobalSection(ProjectConfigurationPlatforms) = postSolution
		{D2AB5056-1DDE-42EA-9E95-87BA4DE4EB27}.Debug|Any CPU.ActiveCfg = Debug|Any CPU
		{D2AB5056-1DDE-42EA-9E95-87BA4DE4EB27}.Debug|Any CPU.Build.0 = Debug|Any CPU
		{D2AB5056-1DDE-42EA-9E95-87BA4DE4EB27}.Release|Any CPU.ActiveCfg = Release|Any CPU
		{D2AB5056-1DDE-42EA-9E95-87BA4DE4EB27}.Release|Any CPU.Build.0 = Release|Any CPU
	EndGlobalSection
	GlobalSection(SolutionProperties) = preSolution
		HideSolutionNode = FALSE
	EndGlobalSection
	GlobalSection(ExtensibilityGlobals) = postSolution
		SolutionGuid = {6DAF29C9-479A-4BA5-8836-B55DA7B1CDDC}
	EndGlobalSection
EndGlobal
