
Microsoft Visual Studio Solution File, Format Version 12.00
# Visual Studio Version 16
VisualStudioVersion = 16.0.28606.126
MinimumVisualStudioVersion = 10.0.40219.1
Project("{FAE04EC0-301F-11D3-BF4B-00C04F79EFBC}") = "CodeBehind", "CodeBehind\CodeBehind.csproj", "{DD07F705-C965-4E8B-982A-469702AD3E52}"
EndProject
Global
	GlobalSection(SolutionConfigurationPlatforms) = preSolution
		Debug|Any CPU = Debug|Any CPU
		Release|Any CPU = Release|Any CPU
	EndGlobalSection
	GlobalSection(ProjectConfigurationPlatforms) = postSolution
		{DD07F705-C965-4E8B-982A-469702AD3E52}.Debug|Any CPU.ActiveCfg = Debug|Any CPU
		{DD07F705-C965-4E8B-982A-469702AD3E52}.Debug|Any CPU.Build.0 = Debug|Any CPU
		{DD07F705-C965-4E8B-982A-469702AD3E52}.Release|Any CPU.ActiveCfg = Release|Any CPU
		{DD07F705-C965-4E8B-982A-469702AD3E52}.Release|Any CPU.Build.0 = Release|Any CPU
	EndGlobalSection
	GlobalSection(SolutionProperties) = preSolution
		HideSolutionNode = FALSE
	EndGlobalSection
	GlobalSection(ExtensibilityGlobals) = postSolution
		SolutionGuid = {D1BED6F1-132F-4AD8-B54A-2E88AC3CB0B5}
	EndGlobalSection
EndGlobal
