
Microsoft Visual Studio Solution File, Format Version 12.00
# Visual Studio Version 16
VisualStudioVersion = 16.0.28606.126
MinimumVisualStudioVersion = 10.0.40219.1
Project("{FAE04EC0-301F-11D3-BF4B-00C04F79EFBC}") = "MvvmPattern", "MvvmPattern\MvvmPattern.csproj", "{90B5C52B-487A-429E-9D19-142E2309D378}"
EndProject
Global
	GlobalSection(SolutionConfigurationPlatforms) = preSolution
		Debug|Any CPU = Debug|Any CPU
		Release|Any CPU = Release|Any CPU
	EndGlobalSection
	GlobalSection(ProjectConfigurationPlatforms) = postSolution
		{90B5C52B-487A-429E-9D19-142E2309D378}.Debug|Any CPU.ActiveCfg = Debug|Any CPU
		{90B5C52B-487A-429E-9D19-142E2309D378}.Debug|Any CPU.Build.0 = Debug|Any CPU
		{90B5C52B-487A-429E-9D19-142E2309D378}.Release|Any CPU.ActiveCfg = Release|Any CPU
		{90B5C52B-487A-429E-9D19-142E2309D378}.Release|Any CPU.Build.0 = Release|Any CPU
	EndGlobalSection
	GlobalSection(SolutionProperties) = preSolution
		HideSolutionNode = FALSE
	EndGlobalSection
	GlobalSection(ExtensibilityGlobals) = postSolution
		SolutionGuid = {538BC954-49F3-4029-8FE9-F2EB7B440419}
	EndGlobalSection
EndGlobal
