
Microsoft Visual Studio Solution File, Format Version 12.00
# Visual Studio Version 16
VisualStudioVersion = 16.0.29111.141
MinimumVisualStudioVersion = 10.0.40219.1
Project("{FAE04EC0-301F-11D3-BF4B-00C04F79EFBC}") = "ReusableComponents", "ReusableComponents\ReusableComponents.csproj", "{96656428-D11F-47D9-9A9A-30540B7CFE7F}"
EndProject
Global
	GlobalSection(SolutionConfigurationPlatforms) = preSolution
		Debug|Any CPU = Debug|Any CPU
		Release|Any CPU = Release|Any CPU
	EndGlobalSection
	GlobalSection(ProjectConfigurationPlatforms) = postSolution
		{96656428-D11F-47D9-9A9A-30540B7CFE7F}.Debug|Any CPU.ActiveCfg = Debug|Any CPU
		{96656428-D11F-47D9-9A9A-30540B7CFE7F}.Debug|Any CPU.Build.0 = Debug|Any CPU
		{96656428-D11F-47D9-9A9A-30540B7CFE7F}.Release|Any CPU.ActiveCfg = Release|Any CPU
		{96656428-D11F-47D9-9A9A-30540B7CFE7F}.Release|Any CPU.Build.0 = Release|Any CPU
	EndGlobalSection
	GlobalSection(SolutionProperties) = preSolution
		HideSolutionNode = FALSE
	EndGlobalSection
	GlobalSection(ExtensibilityGlobals) = postSolution
		SolutionGuid = {1A133AA2-0A90-4104-B4F3-BB9AED1938BA}
	EndGlobalSection
EndGlobal
