
Microsoft Visual Studio Solution File, Format Version 12.00
# Visual Studio Version 16
VisualStudioVersion = 16.0.28803.202
MinimumVisualStudioVersion = 10.0.40219.1
Project("{FAE04EC0-301F-11D3-BF4B-00C04F79EFBC}") = "GetStarted.Server", "GetStarted.Server\GetStarted.Server.csproj", "{8436BBF9-6762-42C7-B0C4-6C03EB3561FA}"
EndProject
Project("{FAE04EC0-301F-11D3-BF4B-00C04F79EFBC}") = "GetStarted.Client", "GetStarted.Client\GetStarted.Client.csproj", "{B215CE60-ACDB-45ED-9CEE-41FE98547904}"
EndProject
Project("{FAE04EC0-301F-11D3-BF4B-00C04F79EFBC}") = "GetStarted.Shared", "GetStarted.Shared\GetStarted.Shared.csproj", "{FC06406C-A0DC-471D-9945-A36A29BDDBA1}"
EndProject
Global
	GlobalSection(SolutionConfigurationPlatforms) = preSolution
		Debug|Any CPU = Debug|Any CPU
		Release|Any CPU = Release|Any CPU
	EndGlobalSection
	GlobalSection(ProjectConfigurationPlatforms) = postSolution
		{8436BBF9-6762-42C7-B0C4-6C03EB3561FA}.Debug|Any CPU.ActiveCfg = Debug|Any CPU
		{8436BBF9-6762-42C7-B0C4-6C03EB3561FA}.Debug|Any CPU.Build.0 = Debug|Any CPU
		{8436BBF9-6762-42C7-B0C4-6C03EB3561FA}.Release|Any CPU.ActiveCfg = Release|Any CPU
		{8436BBF9-6762-42C7-B0C4-6C03EB3561FA}.Release|Any CPU.Build.0 = Release|Any CPU
		{B215CE60-ACDB-45ED-9CEE-41FE98547904}.Debug|Any CPU.ActiveCfg = Debug|Any CPU
		{B215CE60-ACDB-45ED-9CEE-41FE98547904}.Debug|Any CPU.Build.0 = Debug|Any CPU
		{B215CE60-ACDB-45ED-9CEE-41FE98547904}.Release|Any CPU.ActiveCfg = Release|Any CPU
		{B215CE60-ACDB-45ED-9CEE-41FE98547904}.Release|Any CPU.Build.0 = Release|Any CPU
		{FC06406C-A0DC-471D-9945-A36A29BDDBA1}.Debug|Any CPU.ActiveCfg = Debug|Any CPU
		{FC06406C-A0DC-471D-9945-A36A29BDDBA1}.Debug|Any CPU.Build.0 = Debug|Any CPU
		{FC06406C-A0DC-471D-9945-A36A29BDDBA1}.Release|Any CPU.ActiveCfg = Release|Any CPU
		{FC06406C-A0DC-471D-9945-A36A29BDDBA1}.Release|Any CPU.Build.0 = Release|Any CPU
	EndGlobalSection
	GlobalSection(SolutionProperties) = preSolution
		HideSolutionNode = FALSE
	EndGlobalSection
	GlobalSection(ExtensibilityGlobals) = postSolution
		SolutionGuid = {3A80CE74-11DE-43D6-B276-9E2DBB95490E}
	EndGlobalSection
EndGlobal
